// !$*UTF8*$!
{
	archiveVersion = 1;
	classes = {
	};
	objectVersion = 46;
	objects = {

/* Begin PBXBuildFile section */
		E4B210161EBC7D72001DE2A0 /* main.m in Sources */ = {isa = PBXBuildFile; fileRef = E4B210151EBC7D72001DE2A0 /* main.m */; };
		E4B210191EBC7D72001DE2A0 /* AppDelegate.m in Sources */ = {isa = PBXBuildFile; fileRef = E4B210181EBC7D72001DE2A0 /* AppDelegate.m */; };
		E4B2101C1EBC7D73001DE2A0 /* ViewController.m in Sources */ = {isa = PBXBuildFile; fileRef = E4B2101B1EBC7D73001DE2A0 /* ViewController.m */; };
		E4B2101F1EBC7D73001DE2A0 /* Main.storyboard in Resources */ = {isa = PBXBuildFile; fileRef = E4B2101D1EBC7D73001DE2A0 /* Main.storyboard */; };
		E4B210211EBC7D74001DE2A0 /* Assets.xcassets in Resources */ = {isa = PBXBuildFile; fileRef = E4B210201EBC7D74001DE2A0 /* Assets.xcassets */; };
		E4B210241EBC7D74001DE2A0 /* LaunchScreen.storyboard in Resources */ = {isa = PBXBuildFile; fileRef = E4B210221EBC7D74001DE2A0 /* LaunchScreen.storyboard */; };
		E4B2102F1EBC7D76001DE2A0 /* __ChartTests.m in Sources */ = {isa = PBXBuildFile; fileRef = E4B2102E1EBC7D76001DE2A0 /* __ChartTests.m */; };
		E4B2103A1EBC7D76001DE2A0 /* __ChartUITests.m in Sources */ = {isa = PBXBuildFile; fileRef = E4B210391EBC7D76001DE2A0 /* __ChartUITests.m */; };
		E4B210491EBC7E4F001DE2A0 /* ChartViewController.m in Sources */ = {isa = PBXBuildFile; fileRef = E4B210481EBC7E4F001DE2A0 /* ChartViewController.m */; };
		E4B2104C1EBC7E60001DE2A0 /* BarChartViewController.m in Sources */ = {isa = PBXBuildFile; fileRef = E4B2104B1EBC7E60001DE2A0 /* BarChartViewController.m */; };
		E4B2104F1EBC7E6E001DE2A0 /* CircleChartViewController.m in Sources */ = {isa = PBXBuildFile; fileRef = E4B2104E1EBC7E6E001DE2A0 /* CircleChartViewController.m */; };
		E4B210521EBC7E7B001DE2A0 /* RadarChartViewController.m in Sources */ = {isa = PBXBuildFile; fileRef = E4B210511EBC7E7B001DE2A0 /* RadarChartViewController.m */; };
		E4B210551EBC7E8A001DE2A0 /* ScatterChartViewController.m in Sources */ = {isa = PBXBuildFile; fileRef = E4B210541EBC7E8A001DE2A0 /* ScatterChartViewController.m */; };
		E4B210581EBC7E97001DE2A0 /* PieChartViewController.m in Sources */ = {isa = PBXBuildFile; fileRef = E4B210571EBC7E97001DE2A0 /* PieChartViewController.m */; };
		E4B2105C1EBC7FEC001DE2A0 /* UICountingLabel.m in Sources */ = {isa = PBXBuildFile; fileRef = E4B2105B1EBC7FEC001DE2A0 /* UICountingLabel.m */; };
		E4B210801EBC7FF8001DE2A0 /* PNBar.m in Sources */ = {isa = PBXBuildFile; fileRef = E4B2105F1EBC7FF8001DE2A0 /* PNBar.m */; };
		E4B210811EBC7FF8001DE2A0 /* PNBarChart.m in Sources */ = {isa = PBXBuildFile; fileRef = E4B210611EBC7FF8001DE2A0 /* PNBarChart.m */; };
		E4B210821EBC7FF8001DE2A0 /* PNChartLabel.m in Sources */ = {isa = PBXBuildFile; fileRef = E4B210651EBC7FF8001DE2A0 /* PNChartLabel.m */; };
		E4B210831EBC7FF8001DE2A0 /* PNCircleChart.m in Sources */ = {isa = PBXBuildFile; fileRef = E4B210671EBC7FF8001DE2A0 /* PNCircleChart.m */; };
		E4B210841EBC7FF8001DE2A0 /* PNColor.m in Sources */ = {isa = PBXBuildFile; fileRef = E4B210691EBC7FF8001DE2A0 /* PNColor.m */; };
		E4B210851EBC7FF8001DE2A0 /* PNGenericChart.m in Sources */ = {isa = PBXBuildFile; fileRef = E4B2106B1EBC7FF8001DE2A0 /* PNGenericChart.m */; };
		E4B210861EBC7FF8001DE2A0 /* PNLineChart.m in Sources */ = {isa = PBXBuildFile; fileRef = E4B2106D1EBC7FF8001DE2A0 /* PNLineChart.m */; };
		E4B210871EBC7FF8001DE2A0 /* PNLineChartData.m in Sources */ = {isa = PBXBuildFile; fileRef = E4B2106F1EBC7FF8001DE2A0 /* PNLineChartData.m */; };
		E4B210881EBC7FF8001DE2A0 /* PNLineChartDataItem.m in Sources */ = {isa = PBXBuildFile; fileRef = E4B210711EBC7FF8001DE2A0 /* PNLineChartDataItem.m */; };
		E4B210891EBC7FF8001DE2A0 /* PNPieChart.m in Sources */ = {isa = PBXBuildFile; fileRef = E4B210731EBC7FF8001DE2A0 /* PNPieChart.m */; };
		E4B2108A1EBC7FF8001DE2A0 /* PNPieChartDataItem.m in Sources */ = {isa = PBXBuildFile; fileRef = E4B210751EBC7FF8001DE2A0 /* PNPieChartDataItem.m */; };
		E4B2108B1EBC7FF8001DE2A0 /* PNRadarChart.m in Sources */ = {isa = PBXBuildFile; fileRef = E4B210771EBC7FF8001DE2A0 /* PNRadarChart.m */; };
		E4B2108C1EBC7FF8001DE2A0 /* PNRadarChartDataItem.m in Sources */ = {isa = PBXBuildFile; fileRef = E4B210791EBC7FF8001DE2A0 /* PNRadarChartDataItem.m */; };
		E4B2108D1EBC7FF8001DE2A0 /* PNScatterChart.m in Sources */ = {isa = PBXBuildFile; fileRef = E4B2107B1EBC7FF8001DE2A0 /* PNScatterChart.m */; };
		E4B2108E1EBC7FF8001DE2A0 /* PNScatterChartData.m in Sources */ = {isa = PBXBuildFile; fileRef = E4B2107D1EBC7FF8001DE2A0 /* PNScatterChartData.m */; };
		E4B2108F1EBC7FF8001DE2A0 /* PNScatterChartDataItem.m in Sources */ = {isa = PBXBuildFile; fileRef = E4B2107F1EBC7FF8001DE2A0 /* PNScatterChartDataItem.m */; };
/* End PBXBuildFile section */

/* Begin PBXContainerItemProxy section */
		E4B2102B1EBC7D75001DE2A0 /* PBXContainerItemProxy */ = {
			isa = PBXContainerItemProxy;
			containerPortal = E4B210091EBC7D71001DE2A0 /* Project object */;
			proxyType = 1;
			remoteGlobalIDString = E4B210101EBC7D71001DE2A0;
			remoteInfo = "图表Chart";
		};
		E4B210361EBC7D76001DE2A0 /* PBXContainerItemProxy */ = {
			isa = PBXContainerItemProxy;
			containerPortal = E4B210091EBC7D71001DE2A0 /* Project object */;
			proxyType = 1;
			remoteGlobalIDString = E4B210101EBC7D71001DE2A0;
			remoteInfo = "图表Chart";
		};
/* End PBXContainerItemProxy section */

/* Begin PBXFileReference section */
		E4B210111EBC7D71001DE2A0 /* 图表Chart.app */ = {isa = PBXFileReference; explicitFileType = wrapper.application; includeInIndex = 0; path = "图表Chart.app"; sourceTree = BUILT_PRODUCTS_DIR; };
		E4B210151EBC7D72001DE2A0 /* main.m */ = {isa = PBXFileReference; lastKnownFileType = sourcecode.c.objc; path = main.m; sourceTree = "<group>"; };
		E4B210171EBC7D72001DE2A0 /* AppDelegate.h */ = {isa = PBXFileReference; lastKnownFileType = sourcecode.c.h; path = AppDelegate.h; sourceTree = "<group>"; };
		E4B210181EBC7D72001DE2A0 /* AppDelegate.m */ = {isa = PBXFileReference; lastKnownFileType = sourcecode.c.objc; path = AppDelegate.m; sourceTree = "<group>"; };
		E4B2101A1EBC7D73001DE2A0 /* ViewController.h */ = {isa = PBXFileReference; lastKnownFileType = sourcecode.c.h; path = ViewController.h; sourceTree = "<group>"; };
		E4B2101B1EBC7D73001DE2A0 /* ViewController.m */ = {isa = PBXFileReference; lastKnownFileType = sourcecode.c.objc; path = ViewController.m; sourceTree = "<group>"; };
		E4B2101E1EBC7D73001DE2A0 /* Base */ = {isa = PBXFileReference; lastKnownFileType = file.storyboard; name = Base; path = Base.lproj/Main.storyboard; sourceTree = "<group>"; };
		E4B210201EBC7D74001DE2A0 /* Assets.xcassets */ = {isa = PBXFileReference; lastKnownFileType = folder.assetcatalog; path = Assets.xcassets; sourceTree = "<group>"; };
		E4B210231EBC7D74001DE2A0 /* Base */ = {isa = PBXFileReference; lastKnownFileType = file.storyboard; name = Base; path = Base.lproj/LaunchScreen.storyboard; sourceTree = "<group>"; };
		E4B210251EBC7D74001DE2A0 /* Info.plist */ = {isa = PBXFileReference; lastKnownFileType = text.plist.xml; path = Info.plist; sourceTree = "<group>"; };
		E4B2102A1EBC7D75001DE2A0 /* 图表ChartTests.xctest */ = {isa = PBXFileReference; explicitFileType = wrapper.cfbundle; includeInIndex = 0; path = "图表ChartTests.xctest"; sourceTree = BUILT_PRODUCTS_DIR; };
		E4B2102E1EBC7D76001DE2A0 /* __ChartTests.m */ = {isa = PBXFileReference; lastKnownFileType = sourcecode.c.objc; path = __ChartTests.m; sourceTree = "<group>"; };
		E4B210301EBC7D76001DE2A0 /* Info.plist */ = {isa = PBXFileReference; lastKnownFileType = text.plist.xml; path = Info.plist; sourceTree = "<group>"; };
		E4B210351EBC7D76001DE2A0 /* 图表ChartUITests.xctest */ = {isa = PBXFileReference; explicitFileType = wrapper.cfbundle; includeInIndex = 0; path = "图表ChartUITests.xctest"; sourceTree = BUILT_PRODUCTS_DIR; };
		E4B210391EBC7D76001DE2A0 /* __ChartUITests.m */ = {isa = PBXFileReference; lastKnownFileType = sourcecode.c.objc; path = __ChartUITests.m; sourceTree = "<group>"; };
		E4B2103B1EBC7D76001DE2A0 /* Info.plist */ = {isa = PBXFileReference; lastKnownFileType = text.plist.xml; path = Info.plist; sourceTree = "<group>"; };
		E4B210471EBC7E4F001DE2A0 /* ChartViewController.h */ = {isa = PBXFileReference; fileEncoding = 4; lastKnownFileType = sourcecode.c.h; path = ChartViewController.h; sourceTree = "<group>"; };
		E4B210481EBC7E4F001DE2A0 /* ChartViewController.m */ = {isa = PBXFileReference; fileEncoding = 4; lastKnownFileType = sourcecode.c.objc; path = ChartViewController.m; sourceTree = "<group>"; };
		E4B2104A1EBC7E60001DE2A0 /* BarChartViewController.h */ = {isa = PBXFileReference; fileEncoding = 4; lastKnownFileType = sourcecode.c.h; path = BarChartViewController.h; sourceTree = "<group>"; };
		E4B2104B1EBC7E60001DE2A0 /* BarChartViewController.m */ = {isa = PBXFileReference; fileEncoding = 4; lastKnownFileType = sourcecode.c.objc; path = BarChartViewController.m; sourceTree = "<group>"; };
		E4B2104D1EBC7E6E001DE2A0 /* CircleChartViewController.h */ = {isa = PBXFileReference; fileEncoding = 4; lastKnownFileType = sourcecode.c.h; path = CircleChartViewController.h; sourceTree = "<group>"; };
		E4B2104E1EBC7E6E001DE2A0 /* CircleChartViewController.m */ = {isa = PBXFileReference; fileEncoding = 4; lastKnownFileType = sourcecode.c.objc; path = CircleChartViewController.m; sourceTree = "<group>"; };
		E4B210501EBC7E7B001DE2A0 /* RadarChartViewController.h */ = {isa = PBXFileReference; fileEncoding = 4; lastKnownFileType = sourcecode.c.h; path = RadarChartViewController.h; sourceTree = "<group>"; };
		E4B210511EBC7E7B001DE2A0 /* RadarChartViewController.m */ = {isa = PBXFileReference; fileEncoding = 4; lastKnownFileType = sourcecode.c.objc; path = RadarChartViewController.m; sourceTree = "<group>"; };
		E4B210531EBC7E8A001DE2A0 /* ScatterChartViewController.h */ = {isa = PBXFileReference; fileEncoding = 4; lastKnownFileType = sourcecode.c.h; path = ScatterChartViewController.h; sourceTree = "<group>"; };
		E4B210541EBC7E8A001DE2A0 /* ScatterChartViewController.m */ = {isa = PBXFileReference; fileEncoding = 4; lastKnownFileType = sourcecode.c.objc; path = ScatterChartViewController.m; sourceTree = "<group>"; };
		E4B210561EBC7E97001DE2A0 /* PieChartViewController.h */ = {isa = PBXFileReference; fileEncoding = 4; lastKnownFileType = sourcecode.c.h; path = PieChartViewController.h; sourceTree = "<group>"; };
		E4B210571EBC7E97001DE2A0 /* PieChartViewController.m */ = {isa = PBXFileReference; fileEncoding = 4; lastKnownFileType = sourcecode.c.objc; path = PieChartViewController.m; sourceTree = "<group>"; };
		E4B2105A1EBC7FEC001DE2A0 /* UICountingLabel.h */ = {isa = PBXFileReference; fileEncoding = 4; lastKnownFileType = sourcecode.c.h; path = UICountingLabel.h; sourceTree = "<group>"; };
		E4B2105B1EBC7FEC001DE2A0 /* UICountingLabel.m */ = {isa = PBXFileReference; fileEncoding = 4; lastKnownFileType = sourcecode.c.objc; path = UICountingLabel.m; sourceTree = "<group>"; };
		E4B2105E1EBC7FF8001DE2A0 /* PNBar.h */ = {isa = PBXFileReference; fileEncoding = 4; lastKnownFileType = sourcecode.c.h; path = PNBar.h; sourceTree = "<group>"; };
		E4B2105F1EBC7FF8001DE2A0 /* PNBar.m */ = {isa = PBXFileReference; fileEncoding = 4; lastKnownFileType = sourcecode.c.objc; path = PNBar.m; sourceTree = "<group>"; };
		E4B210601EBC7FF8001DE2A0 /* PNBarChart.h */ = {isa = PBXFileReference; fileEncoding = 4; lastKnownFileType = sourcecode.c.h; path = PNBarChart.h; sourceTree = "<group>"; };
		E4B210611EBC7FF8001DE2A0 /* PNBarChart.m */ = {isa = PBXFileReference; fileEncoding = 4; lastKnownFileType = sourcecode.c.objc; path = PNBarChart.m; sourceTree = "<group>"; };
		E4B210621EBC7FF8001DE2A0 /* PNChart.h */ = {isa = PBXFileReference; fileEncoding = 4; lastKnownFileType = sourcecode.c.h; path = PNChart.h; sourceTree = "<group>"; };
		E4B210631EBC7FF8001DE2A0 /* PNChartDelegate.h */ = {isa = PBXFileReference; fileEncoding = 4; lastKnownFileType = sourcecode.c.h; path = PNChartDelegate.h; sourceTree = "<group>"; };
		E4B210641EBC7FF8001DE2A0 /* PNChartLabel.h */ = {isa = PBXFileReference; fileEncoding = 4; lastKnownFileType = sourcecode.c.h; path = PNChartLabel.h; sourceTree = "<group>"; };
		E4B210651EBC7FF8001DE2A0 /* PNChartLabel.m */ = {isa = PBXFileReference; fileEncoding = 4; lastKnownFileType = sourcecode.c.objc; path = PNChartLabel.m; sourceTree = "<group>"; };
		E4B210661EBC7FF8001DE2A0 /* PNCircleChart.h */ = {isa = PBXFileReference; fileEncoding = 4; lastKnownFileType = sourcecode.c.h; path = PNCircleChart.h; sourceTree = "<group>"; };
		E4B210671EBC7FF8001DE2A0 /* PNCircleChart.m */ = {isa = PBXFileReference; fileEncoding = 4; lastKnownFileType = sourcecode.c.objc; path = PNCircleChart.m; sourceTree = "<group>"; };
		E4B210681EBC7FF8001DE2A0 /* PNColor.h */ = {isa = PBXFileReference; fileEncoding = 4; lastKnownFileType = sourcecode.c.h; path = PNColor.h; sourceTree = "<group>"; };
		E4B210691EBC7FF8001DE2A0 /* PNColor.m */ = {isa = PBXFileReference; fileEncoding = 4; lastKnownFileType = sourcecode.c.objc; path = PNColor.m; sourceTree = "<group>"; };
		E4B2106A1EBC7FF8001DE2A0 /* PNGenericChart.h */ = {isa = PBXFileReference; fileEncoding = 4; lastKnownFileType = sourcecode.c.h; path = PNGenericChart.h; sourceTree = "<group>"; };
		E4B2106B1EBC7FF8001DE2A0 /* PNGenericChart.m */ = {isa = PBXFileReference; fileEncoding = 4; lastKnownFileType = sourcecode.c.objc; path = PNGenericChart.m; sourceTree = "<group>"; };
		E4B2106C1EBC7FF8001DE2A0 /* PNLineChart.h */ = {isa = PBXFileReference; fileEncoding = 4; lastKnownFileType = sourcecode.c.h; path = PNLineChart.h; sourceTree = "<group>"; };
		E4B2106D1EBC7FF8001DE2A0 /* PNLineChart.m */ = {isa = PBXFileReference; fileEncoding = 4; lastKnownFileType = sourcecode.c.objc; path = PNLineChart.m; sourceTree = "<group>"; };
		E4B2106E1EBC7FF8001DE2A0 /* PNLineChartData.h */ = {isa = PBXFileReference; fileEncoding = 4; lastKnownFileType = sourcecode.c.h; path = PNLineChartData.h; sourceTree = "<group>"; };
		E4B2106F1EBC7FF8001DE2A0 /* PNLineChartData.m */ = {isa = PBXFileReference; fileEncoding = 4; lastKnownFileType = sourcecode.c.objc; path = PNLineChartData.m; sourceTree = "<group>"; };
		E4B210701EBC7FF8001DE2A0 /* PNLineChartDataItem.h */ = {isa = PBXFileReference; fileEncoding = 4; lastKnownFileType = sourcecode.c.h; path = PNLineChartDataItem.h; sourceTree = "<group>"; };
		E4B210711EBC7FF8001DE2A0 /* PNLineChartDataItem.m */ = {isa = PBXFileReference; fileEncoding = 4; lastKnownFileType = sourcecode.c.objc; path = PNLineChartDataItem.m; sourceTree = "<group>"; };
		E4B210721EBC7FF8001DE2A0 /* PNPieChart.h */ = {isa = PBXFileReference; fileEncoding = 4; lastKnownFileType = sourcecode.c.h; path = PNPieChart.h; sourceTree = "<group>"; };
		E4B210731EBC7FF8001DE2A0 /* PNPieChart.m */ = {isa = PBXFileReference; fileEncoding = 4; lastKnownFileType = sourcecode.c.objc; path = PNPieChart.m; sourceTree = "<group>"; };
		E4B210741EBC7FF8001DE2A0 /* PNPieChartDataItem.h */ = {isa = PBXFileReference; fileEncoding = 4; lastKnownFileType = sourcecode.c.h; path = PNPieChartDataItem.h; sourceTree = "<group>"; };
		E4B210751EBC7FF8001DE2A0 /* PNPieChartDataItem.m */ = {isa = PBXFileReference; fileEncoding = 4; lastKnownFileType = sourcecode.c.objc; path = PNPieChartDataItem.m; sourceTree = "<group>"; };
		E4B210761EBC7FF8001DE2A0 /* PNRadarChart.h */ = {isa = PBXFileReference; fileEncoding = 4; lastKnownFileType = sourcecode.c.h; path = PNRadarChart.h; sourceTree = "<group>"; };
		E4B210771EBC7FF8001DE2A0 /* PNRadarChart.m */ = {isa = PBXFileReference; fileEncoding = 4; lastKnownFileType = sourcecode.c.objc; path = PNRadarChart.m; sourceTree = "<group>"; };
		E4B210781EBC7FF8001DE2A0 /* PNRadarChartDataItem.h */ = {isa = PBXFileReference; fileEncoding = 4; lastKnownFileType = sourcecode.c.h; path = PNRadarChartDataItem.h; sourceTree = "<group>"; };
		E4B210791EBC7FF8001DE2A0 /* PNRadarChartDataItem.m */ = {isa = PBXFileReference; fileEncoding = 4; lastKnownFileType = sourcecode.c.objc; path = PNRadarChartDataItem.m; sourceTree = "<group>"; };
		E4B2107A1EBC7FF8001DE2A0 /* PNScatterChart.h */ = {isa = PBXFileReference; fileEncoding = 4; lastKnownFileType = sourcecode.c.h; path = PNScatterChart.h; sourceTree = "<group>"; };
		E4B2107B1EBC7FF8001DE2A0 /* PNScatterChart.m */ = {isa = PBXFileReference; fileEncoding = 4; lastKnownFileType = sourcecode.c.objc; path = PNScatterChart.m; sourceTree = "<group>"; };
		E4B2107C1EBC7FF8001DE2A0 /* PNScatterChartData.h */ = {isa = PBXFileReference; fileEncoding = 4; lastKnownFileType = sourcecode.c.h; path = PNScatterChartData.h; sourceTree = "<group>"; };
		E4B2107D1EBC7FF8001DE2A0 /* PNScatterChartData.m */ = {isa = PBXFileReference; fileEncoding = 4; lastKnownFileType = sourcecode.c.objc; path = PNScatterChartData.m; sourceTree = "<group>"; };
		E4B2107E1EBC7FF8001DE2A0 /* PNScatterChartDataItem.h */ = {isa = PBXFileReference; fileEncoding = 4; lastKnownFileType = sourcecode.c.h; path = PNScatterChartDataItem.h; sourceTree = "<group>"; };
		E4B2107F1EBC7FF8001DE2A0 /* PNScatterChartDataItem.m */ = {isa = PBXFileReference; fileEncoding = 4; lastKnownFileType = sourcecode.c.objc; path = PNScatterChartDataItem.m; sourceTree = "<group>"; };
		E4B210931EBC8482001DE2A0 /* CHart.pch */ = {isa = PBXFileReference; fileEncoding = 4; lastKnownFileType = sourcecode.c.h; path = CHart.pch; sourceTree = "<group>"; };
/* End PBXFileReference section */

/* Begin PBXFrameworksBuildPhase section */
		E4B2100E1EBC7D71001DE2A0 /* Frameworks */ = {
			isa = PBXFrameworksBuildPhase;
			buildActionMask = 2147483647;
			files = (
			);
			runOnlyForDeploymentPostprocessing = 0;
		};
		E4B210271EBC7D75001DE2A0 /* Frameworks */ = {
			isa = PBXFrameworksBuildPhase;
			buildActionMask = 2147483647;
			files = (
			);
			runOnlyForDeploymentPostprocessing = 0;
		};
		E4B210321EBC7D76001DE2A0 /* Frameworks */ = {
			isa = PBXFrameworksBuildPhase;
			buildActionMask = 2147483647;
			files = (
			);
			runOnlyForDeploymentPostprocessing = 0;
		};
/* End PBXFrameworksBuildPhase section */

/* Begin PBXGroup section */
		E4B210081EBC7D71001DE2A0 = {
			isa = PBXGroup;
			children = (
				E4B210131EBC7D72001DE2A0 /* 图表Chart */,
				E4B2102D1EBC7D76001DE2A0 /* 图表ChartTests */,
				E4B210381EBC7D76001DE2A0 /* 图表ChartUITests */,
				E4B210121EBC7D71001DE2A0 /* Products */,
			);
			sourceTree = "<group>";
		};
		E4B210121EBC7D71001DE2A0 /* Products */ = {
			isa = PBXGroup;
			children = (
				E4B210111EBC7D71001DE2A0 /* 图表Chart.app */,
				E4B2102A1EBC7D75001DE2A0 /* 图表ChartTests.xctest */,
				E4B210351EBC7D76001DE2A0 /* 图表ChartUITests.xctest */,
			);
			name = Products;
			sourceTree = "<group>";
		};
		E4B210131EBC7D72001DE2A0 /* 图表Chart */ = {
			isa = PBXGroup;
			children = (
				E4B210591EBC7FD5001DE2A0 /* 第三方库 */,
				E4B210171EBC7D72001DE2A0 /* AppDelegate.h */,
				E4B210181EBC7D72001DE2A0 /* AppDelegate.m */,
				E4B2101A1EBC7D73001DE2A0 /* ViewController.h */,
				E4B2101B1EBC7D73001DE2A0 /* ViewController.m */,
				E4B210471EBC7E4F001DE2A0 /* ChartViewController.h */,
				E4B210481EBC7E4F001DE2A0 /* ChartViewController.m */,
				E4B2104A1EBC7E60001DE2A0 /* BarChartViewController.h */,
				E4B2104B1EBC7E60001DE2A0 /* BarChartViewController.m */,
				E4B2104D1EBC7E6E001DE2A0 /* CircleChartViewController.h */,
				E4B2104E1EBC7E6E001DE2A0 /* CircleChartViewController.m */,
				E4B210501EBC7E7B001DE2A0 /* RadarChartViewController.h */,
				E4B210511EBC7E7B001DE2A0 /* RadarChartViewController.m */,
				E4B210531EBC7E8A001DE2A0 /* ScatterChartViewController.h */,
				E4B210541EBC7E8A001DE2A0 /* ScatterChartViewController.m */,
				E4B210561EBC7E97001DE2A0 /* PieChartViewController.h */,
				E4B210571EBC7E97001DE2A0 /* PieChartViewController.m */,
				E4B2101D1EBC7D73001DE2A0 /* Main.storyboard */,
				E4B210201EBC7D74001DE2A0 /* Assets.xcassets */,
				E4B210221EBC7D74001DE2A0 /* LaunchScreen.storyboard */,
				E4B210251EBC7D74001DE2A0 /* Info.plist */,
				E4B210141EBC7D72001DE2A0 /* Supporting Files */,
				E4B210931EBC8482001DE2A0 /* CHart.pch */,
			);
			path = "图表Chart";
			sourceTree = "<group>";
		};
		E4B210141EBC7D72001DE2A0 /* Supporting Files */ = {
			isa = PBXGroup;
			children = (
				E4B210151EBC7D72001DE2A0 /* main.m */,
			);
			name = "Supporting Files";
			sourceTree = "<group>";
		};
		E4B2102D1EBC7D76001DE2A0 /* 图表ChartTests */ = {
			isa = PBXGroup;
			children = (
				E4B2102E1EBC7D76001DE2A0 /* __ChartTests.m */,
				E4B210301EBC7D76001DE2A0 /* Info.plist */,
			);
			path = "图表ChartTests";
			sourceTree = "<group>";
		};
		E4B210381EBC7D76001DE2A0 /* 图表ChartUITests */ = {
			isa = PBXGroup;
			children = (
				E4B210391EBC7D76001DE2A0 /* __ChartUITests.m */,
				E4B2103B1EBC7D76001DE2A0 /* Info.plist */,
			);
			path = "图表ChartUITests";
			sourceTree = "<group>";
		};
		E4B210591EBC7FD5001DE2A0 /* 第三方库 */ = {
			isa = PBXGroup;
			children = (
				E4B2105D1EBC7FF8001DE2A0 /* PNChart */,
				E4B2105A1EBC7FEC001DE2A0 /* UICountingLabel.h */,
				E4B2105B1EBC7FEC001DE2A0 /* UICountingLabel.m */,
			);
			name = "第三方库";
			sourceTree = "<group>";
		};
		E4B2105D1EBC7FF8001DE2A0 /* PNChart */ = {
			isa = PBXGroup;
			children = (
				E4B2105E1EBC7FF8001DE2A0 /* PNBar.h */,
				E4B2105F1EBC7FF8001DE2A0 /* PNBar.m */,
				E4B210601EBC7FF8001DE2A0 /* PNBarChart.h */,
				E4B210611EBC7FF8001DE2A0 /* PNBarChart.m */,
				E4B210621EBC7FF8001DE2A0 /* PNChart.h */,
				E4B210631EBC7FF8001DE2A0 /* PNChartDelegate.h */,
				E4B210641EBC7FF8001DE2A0 /* PNChartLabel.h */,
				E4B210651EBC7FF8001DE2A0 /* PNChartLabel.m */,
				E4B210661EBC7FF8001DE2A0 /* PNCircleChart.h */,
				E4B210671EBC7FF8001DE2A0 /* PNCircleChart.m */,
				E4B210681EBC7FF8001DE2A0 /* PNColor.h */,
				E4B210691EBC7FF8001DE2A0 /* PNColor.m */,
				E4B2106A1EBC7FF8001DE2A0 /* PNGenericChart.h */,
				E4B2106B1EBC7FF8001DE2A0 /* PNGenericChart.m */,
				E4B2106C1EBC7FF8001DE2A0 /* PNLineChart.h */,
				E4B2106D1EBC7FF8001DE2A0 /* PNLineChart.m */,
				E4B2106E1EBC7FF8001DE2A0 /* PNLineChartData.h */,
				E4B2106F1EBC7FF8001DE2A0 /* PNLineChartData.m */,
				E4B210701EBC7FF8001DE2A0 /* PNLineChartDataItem.h */,
				E4B210711EBC7FF8001DE2A0 /* PNLineChartDataItem.m */,
				E4B210721EBC7FF8001DE2A0 /* PNPieChart.h */,
				E4B210731EBC7FF8001DE2A0 /* PNPieChart.m */,
				E4B210741EBC7FF8001DE2A0 /* PNPieChartDataItem.h */,
				E4B210751EBC7FF8001DE2A0 /* PNPieChartDataItem.m */,
				E4B210761EBC7FF8001DE2A0 /* PNRadarChart.h */,
				E4B210771EBC7FF8001DE2A0 /* PNRadarChart.m */,
				E4B210781EBC7FF8001DE2A0 /* PNRadarChartDataItem.h */,
				E4B210791EBC7FF8001DE2A0 /* PNRadarChartDataItem.m */,
				E4B2107A1EBC7FF8001DE2A0 /* PNScatterChart.h */,
				E4B2107B1EBC7FF8001DE2A0 /* PNScatterChart.m */,
				E4B2107C1EBC7FF8001DE2A0 /* PNScatterChartData.h */,
				E4B2107D1EBC7FF8001DE2A0 /* PNScatterChartData.m */,
				E4B2107E1EBC7FF8001DE2A0 /* PNScatterChartDataItem.h */,
				E4B2107F1EBC7FF8001DE2A0 /* PNScatterChartDataItem.m */,
			);
			path = PNChart;
			sourceTree = "<group>";
		};
/* End PBXGroup section */

/* Begin PBXNativeTarget section */
		E4B210101EBC7D71001DE2A0 /* 图表Chart */ = {
			isa = PBXNativeTarget;
			buildConfigurationList = E4B2103E1EBC7D76001DE2A0 /* Build configuration list for PBXNativeTarget "图表Chart" */;
			buildPhases = (
				E4B2100D1EBC7D71001DE2A0 /* Sources */,
				E4B2100E1EBC7D71001DE2A0 /* Frameworks */,
				E4B2100F1EBC7D71001DE2A0 /* Resources */,
			);
			buildRules = (
			);
			dependencies = (
			);
			name = "图表Chart";
			productName = "图表Chart";
			productReference = E4B210111EBC7D71001DE2A0 /* 图表Chart.app */;
			productType = "com.apple.product-type.application";
		};
		E4B210291EBC7D75001DE2A0 /* 图表ChartTests */ = {
			isa = PBXNativeTarget;
			buildConfigurationList = E4B210411EBC7D76001DE2A0 /* Build configuration list for PBXNativeTarget "图表ChartTests" */;
			buildPhases = (
				E4B210261EBC7D75001DE2A0 /* Sources */,
				E4B210271EBC7D75001DE2A0 /* Frameworks */,
				E4B210281EBC7D75001DE2A0 /* Resources */,
			);
			buildRules = (
			);
			dependencies = (
				E4B2102C1EBC7D75001DE2A0 /* PBXTargetDependency */,
			);
			name = "图表ChartTests";
			productName = "图表ChartTests";
			productReference = E4B2102A1EBC7D75001DE2A0 /* 图表ChartTests.xctest */;
			productType = "com.apple.product-type.bundle.unit-test";
		};
		E4B210341EBC7D76001DE2A0 /* 图表ChartUITests */ = {
			isa = PBXNativeTarget;
			buildConfigurationList = E4B210441EBC7D76001DE2A0 /* Build configuration list for PBXNativeTarget "图表ChartUITests" */;
			buildPhases = (
				E4B210311EBC7D76001DE2A0 /* Sources */,
				E4B210321EBC7D76001DE2A0 /* Frameworks */,
				E4B210331EBC7D76001DE2A0 /* Resources */,
			);
			buildRules = (
			);
			dependencies = (
				E4B210371EBC7D76001DE2A0 /* PBXTargetDependency */,
			);
			name = "图表ChartUITests";
			productName = "图表ChartUITests";
			productReference = E4B210351EBC7D76001DE2A0 /* 图表ChartUITests.xctest */;
			productType = "com.apple.product-type.bundle.ui-testing";
		};
/* End PBXNativeTarget section */

/* Begin PBXProject section */
		E4B210091EBC7D71001DE2A0 /* Project object */ = {
			isa = PBXProject;
			attributes = {
				LastUpgradeCheck = 0830;
				ORGANIZATIONNAME = SXF;
				TargetAttributes = {
					E4B210101EBC7D71001DE2A0 = {
						CreatedOnToolsVersion = 8.3.2;
						DevelopmentTeam = X76LH572J4;
						ProvisioningStyle = Automatic;
					};
					E4B210291EBC7D75001DE2A0 = {
						CreatedOnToolsVersion = 8.3.2;
						DevelopmentTeam = X76LH572J4;
						ProvisioningStyle = Automatic;
						TestTargetID = E4B210101EBC7D71001DE2A0;
					};
					E4B210341EBC7D76001DE2A0 = {
						CreatedOnToolsVersion = 8.3.2;
						DevelopmentTeam = X76LH572J4;
						ProvisioningStyle = Automatic;
						TestTargetID = E4B210101EBC7D71001DE2A0;
					};
				};
			};
			buildConfigurationList = E4B2100C1EBC7D71001DE2A0 /* Build configuration list for PBXProject "图表Chart" */;
			compatibilityVersion = "Xcode 3.2";
			developmentRegion = English;
			hasScannedForEncodings = 0;
			knownRegions = (
				en,
				Base,
			);
			mainGroup = E4B210081EBC7D71001DE2A0;
			productRefGroup = E4B210121EBC7D71001DE2A0 /* Products */;
			projectDirPath = "";
			projectRoot = "";
			targets = (
				E4B210101EBC7D71001DE2A0 /* 图表Chart */,
				E4B210291EBC7D75001DE2A0 /* 图表ChartTests */,
				E4B210341EBC7D76001DE2A0 /* 图表ChartUITests */,
			);
		};
/* End PBXProject section */

/* Begin PBXResourcesBuildPhase section */
		E4B2100F1EBC7D71001DE2A0 /* Resources */ = {
			isa = PBXResourcesBuildPhase;
			buildActionMask = 2147483647;
			files = (
				E4B210241EBC7D74001DE2A0 /* LaunchScreen.storyboard in Resources */,
				E4B210211EBC7D74001DE2A0 /* Assets.xcassets in Resources */,
				E4B2101F1EBC7D73001DE2A0 /* Main.storyboard in Resources */,
			);
			runOnlyForDeploymentPostprocessing = 0;
		};
		E4B210281EBC7D75001DE2A0 /* Resources */ = {
			isa = PBXResourcesBuildPhase;
			buildActionMask = 2147483647;
			files = (
			);
			runOnlyForDeploymentPostprocessing = 0;
		};
		E4B210331EBC7D76001DE2A0 /* Resources */ = {
			isa = PBXResourcesBuildPhase;
			buildActionMask = 2147483647;
			files = (
			);
			runOnlyForDeploymentPostprocessing = 0;
		};
/* End PBXResourcesBuildPhase section */

/* Begin PBXSourcesBuildPhase section */
		E4B2100D1EBC7D71001DE2A0 /* Sources */ = {
			isa = PBXSourcesBuildPhase;
			buildActionMask = 2147483647;
			files = (
				E4B2104C1EBC7E60001DE2A0 /* BarChartViewController.m in Sources */,
				E4B2101C1EBC7D73001DE2A0 /* ViewController.m in Sources */,
				E4B210801EBC7FF8001DE2A0 /* PNBar.m in Sources */,
				E4B210491EBC7E4F001DE2A0 /* ChartViewController.m in Sources */,
				E4B210841EBC7FF8001DE2A0 /* PNColor.m in Sources */,
				E4B210811EBC7FF8001DE2A0 /* PNBarChart.m in Sources */,
				E4B2104F1EBC7E6E001DE2A0 /* CircleChartViewController.m in Sources */,
				E4B210831EBC7FF8001DE2A0 /* PNCircleChart.m in Sources */,
				E4B2108E1EBC7FF8001DE2A0 /* PNScatterChartData.m in Sources */,
				E4B210851EBC7FF8001DE2A0 /* PNGenericChart.m in Sources */,
				E4B2108B1EBC7FF8001DE2A0 /* PNRadarChart.m in Sources */,
				E4B210891EBC7FF8001DE2A0 /* PNPieChart.m in Sources */,
				E4B210581EBC7E97001DE2A0 /* PieChartViewController.m in Sources */,
				E4B210191EBC7D72001DE2A0 /* AppDelegate.m in Sources */,
				E4B210161EBC7D72001DE2A0 /* main.m in Sources */,
				E4B210871EBC7FF8001DE2A0 /* PNLineChartData.m in Sources */,
				E4B2105C1EBC7FEC001DE2A0 /* UICountingLabel.m in Sources */,
				E4B2108A1EBC7FF8001DE2A0 /* PNPieChartDataItem.m in Sources */,
				E4B2108F1EBC7FF8001DE2A0 /* PNScatterChartDataItem.m in Sources */,
				E4B2108D1EBC7FF8001DE2A0 /* PNScatterChart.m in Sources */,
				E4B2108C1EBC7FF8001DE2A0 /* PNRadarChartDataItem.m in Sources */,
				E4B210881EBC7FF8001DE2A0 /* PNLineChartDataItem.m in Sources */,
				E4B210861EBC7FF8001DE2A0 /* PNLineChart.m in Sources */,
				E4B210821EBC7FF8001DE2A0 /* PNChartLabel.m in Sources */,
				E4B210551EBC7E8A001DE2A0 /* ScatterChartViewController.m in Sources */,
				E4B210521EBC7E7B001DE2A0 /* RadarChartViewController.m in Sources */,
			);
			runOnlyForDeploymentPostprocessing = 0;
		};
		E4B210261EBC7D75001DE2A0 /* Sources */ = {
			isa = PBXSourcesBuildPhase;
			buildActionMask = 2147483647;
			files = (
				E4B2102F1EBC7D76001DE2A0 /* __ChartTests.m in Sources */,
			);
			runOnlyForDeploymentPostprocessing = 0;
		};
		E4B210311EBC7D76001DE2A0 /* Sources */ = {
			isa = PBXSourcesBuildPhase;
			buildActionMask = 2147483647;
			files = (
				E4B2103A1EBC7D76001DE2A0 /* __ChartUITests.m in Sources */,
			);
			runOnlyForDeploymentPostprocessing = 0;
		};
/* End PBXSourcesBuildPhase section */

/* Begin PBXTargetDependency section */
		E4B2102C1EBC7D75001DE2A0 /* PBXTargetDependency */ = {
			isa = PBXTargetDependency;
			target = E4B210101EBC7D71001DE2A0 /* 图表Chart */;
			targetProxy = E4B2102B1EBC7D75001DE2A0 /* PBXContainerItemProxy */;
		};
		E4B210371EBC7D76001DE2A0 /* PBXTargetDependency */ = {
			isa = PBXTargetDependency;
			target = E4B210101EBC7D71001DE2A0 /* 图表Chart */;
			targetProxy = E4B210361EBC7D76001DE2A0 /* PBXContainerItemProxy */;
		};
/* End PBXTargetDependency section */

/* Begin PBXVariantGroup section */
		E4B2101D1EBC7D73001DE2A0 /* Main.storyboard */ = {
			isa = PBXVariantGroup;
			children = (
				E4B2101E1EBC7D73001DE2A0 /* Base */,
			);
			name = Main.storyboard;
			sourceTree = "<group>";
		};
		E4B210221EBC7D74001DE2A0 /* LaunchScreen.storyboard */ = {
			isa = PBXVariantGroup;
			children = (
				E4B210231EBC7D74001DE2A0 /* Base */,
			);
			name = LaunchScreen.storyboard;
			sourceTree = "<group>";
		};
/* End PBXVariantGroup section */

/* Begin XCBuildConfiguration section */
		E4B2103C1EBC7D76001DE2A0 /* Debug */ = {
			isa = XCBuildConfiguration;
			buildSettings = {
				ALWAYS_SEARCH_USER_PATHS = NO;
				CLANG_ANALYZER_NONNULL = YES;
				CLANG_ANALYZER_NUMBER_OBJECT_CONVERSION = YES_AGGRESSIVE;
				CLANG_CXX_LANGUAGE_STANDARD = "gnu++0x";
				CLANG_CXX_LIBRARY = "libc++";
				CLANG_ENABLE_MODULES = YES;
				CLANG_ENABLE_OBJC_ARC = YES;
				CLANG_WARN_BOOL_CONVERSION = YES;
				CLANG_WARN_CONSTANT_CONVERSION = YES;
				CLANG_WARN_DIRECT_OBJC_ISA_USAGE = YES_ERROR;
				CLANG_WARN_DOCUMENTATION_COMMENTS = YES;
				CLANG_WARN_EMPTY_BODY = YES;
				CLANG_WARN_ENUM_CONVERSION = YES;
				CLANG_WARN_INFINITE_RECURSION = YES;
				CLANG_WARN_INT_CONVERSION = YES;
				CLANG_WARN_OBJC_ROOT_CLASS = YES_ERROR;
				CLANG_WARN_SUSPICIOUS_MOVE = YES;
				CLANG_WARN_UNREACHABLE_CODE = YES;
				CLANG_WARN__DUPLICATE_METHOD_MATCH = YES;
				"CODE_SIGN_IDENTITY[sdk=iphoneos*]" = "iPhone Developer";
				COPY_PHASE_STRIP = NO;
				DEBUG_INFORMATION_FORMAT = dwarf;
				ENABLE_STRICT_OBJC_MSGSEND = YES;
				ENABLE_TESTABILITY = YES;
				GCC_C_LANGUAGE_STANDARD = gnu99;
				GCC_DYNAMIC_NO_PIC = NO;
				GCC_NO_COMMON_BLOCKS = YES;
				GCC_OPTIMIZATION_LEVEL = 0;
				GCC_PREPROCESSOR_DEFINITIONS = (
					"DEBUG=1",
					"$(inherited)",
				);
				GCC_WARN_64_TO_32_BIT_CONVERSION = YES;
				GCC_WARN_ABOUT_RETURN_TYPE = YES_ERROR;
				GCC_WARN_UNDECLARED_SELECTOR = YES;
				GCC_WARN_UNINITIALIZED_AUTOS = YES_AGGRESSIVE;
				GCC_WARN_UNUSED_FUNCTION = YES;
				GCC_WARN_UNUSED_VARIABLE = YES;
				IPHONEOS_DEPLOYMENT_TARGET = 10.3;
				MTL_ENABLE_DEBUG_INFO = YES;
				ONLY_ACTIVE_ARCH = YES;
				SDKROOT = iphoneos;
				TARGETED_DEVICE_FAMILY = "1,2";
			};
			name = Debug;
		};
		E4B2103D1EBC7D76001DE2A0 /* Release */ = {
			isa = XCBuildConfiguration;
			buildSettings = {
				ALWAYS_SEARCH_USER_PATHS = NO;
				CLANG_ANALYZER_NONNULL = YES;
				CLANG_ANALYZER_NUMBER_OBJECT_CONVERSION = YES_AGGRESSIVE;
				CLANG_CXX_LANGUAGE_STANDARD = "gnu++0x";
				CLANG_CXX_LIBRARY = "libc++";
				CLANG_ENABLE_MODULES = YES;
				CLANG_ENABLE_OBJC_ARC = YES;
				CLANG_WARN_BOOL_CONVERSION = YES;
				CLANG_WARN_CONSTANT_CONVERSION = YES;
				CLANG_WARN_DIRECT_OBJC_ISA_USAGE = YES_ERROR;
				CLANG_WARN_DOCUMENTATION_COMMENTS = YES;
				CLANG_WARN_EMPTY_BODY = YES;
				CLANG_WARN_ENUM_CONVERSION = YES;
				CLANG_WARN_INFINITE_RECURSION = YES;
				CLANG_WARN_INT_CONVERSION = YES;
				CLANG_WARN_OBJC_ROOT_CLASS = YES_ERROR;
				CLANG_WARN_SUSPICIOUS_MOVE = YES;
				CLANG_WARN_UNREACHABLE_CODE = YES;
				CLANG_WARN__DUPLICATE_METHOD_MATCH = YES;
				"CODE_SIGN_IDENTITY[sdk=iphoneos*]" = "iPhone Developer";
				COPY_PHASE_STRIP = NO;
				DEBUG_INFORMATION_FORMAT = "dwarf-with-dsym";
				ENABLE_NS_ASSERTIONS = NO;
				ENABLE_STRICT_OBJC_MSGSEND = YES;
				GCC_C_LANGUAGE_STANDARD = gnu99;
				GCC_NO_COMMON_BLOCKS = YES;
				GCC_WARN_64_TO_32_BIT_CONVERSION = YES;
				GCC_WARN_ABOUT_RETURN_TYPE = YES_ERROR;
				GCC_WARN_UNDECLARED_SELECTOR = YES;
				GCC_WARN_UNINITIALIZED_AUTOS = YES_AGGRESSIVE;
				GCC_WARN_UNUSED_FUNCTION = YES;
				GCC_WARN_UNUSED_VARIABLE = YES;
				IPHONEOS_DEPLOYMENT_TARGET = 10.3;
				MTL_ENABLE_DEBUG_INFO = NO;
				SDKROOT = iphoneos;
				TARGETED_DEVICE_FAMILY = "1,2";
				VALIDATE_PRODUCT = YES;
			};
			name = Release;
		};
		E4B2103F1EBC7D76001DE2A0 /* Debug */ = {
			isa = XCBuildConfiguration;
			buildSettings = {
				ASSETCATALOG_COMPILER_APPICON_NAME = AppIcon;
				DEVELOPMENT_TEAM = X76LH572J4;
				GCC_PREFIX_HEADER = "/Users/sxf/Desktop/图表Chart/图表Chart/CHart.pch";
				INFOPLIST_FILE = "图表Chart/Info.plist";
				LD_RUNPATH_SEARCH_PATHS = "$(inherited) @executable_path/Frameworks";
				PRODUCT_BUNDLE_IDENTIFIER = "bdxh.sxf.--Chart";
				PRODUCT_NAME = "$(TARGET_NAME)";
			};
			name = Debug;
		};
		E4B210401EBC7D76001DE2A0 /* Release */ = {
			isa = XCBuildConfiguration;
			buildSettings = {
				ASSETCATALOG_COMPILER_APPICON_NAME = AppIcon;
				DEVELOPMENT_TEAM = X76LH572J4;
				GCC_PREFIX_HEADER = "/Users/sxf/Desktop/图表Chart/图表Chart/CHart.pch";
				INFOPLIST_FILE = "图表Chart/Info.plist";
				LD_RUNPATH_SEARCH_PATHS = "$(inherited) @executable_path/Frameworks";
				PRODUCT_BUNDLE_IDENTIFIER = "bdxh.sxf.--Chart";
				PRODUCT_NAME = "$(TARGET_NAME)";
			};
			name = Release;
		};
		E4B210421EBC7D76001DE2A0 /* Debug */ = {
			isa = XCBuildConfiguration;
			buildSettings = {
				BUNDLE_LOADER = "$(TEST_HOST)";
				DEVELOPMENT_TEAM = X76LH572J4;
				INFOPLIST_FILE = "图表ChartTests/Info.plist";
				LD_RUNPATH_SEARCH_PATHS = "$(inherited) @executable_path/Frameworks @loader_path/Frameworks";
				PRODUCT_BUNDLE_IDENTIFIER = "bdxh.sxf.--ChartTests";
				PRODUCT_NAME = "$(TARGET_NAME)";
				TEST_HOST = "$(BUILT_PRODUCTS_DIR)/图表Chart.app/图表Chart";
			};
			name = Debug;
		};
		E4B210431EBC7D76001DE2A0 /* Release */ = {
			isa = XCBuildConfiguration;
			buildSettings = {
				BUNDLE_LOADER = "$(TEST_HOST)";
				DEVELOPMENT_TEAM = X76LH572J4;
				INFOPLIST_FILE = "图表ChartTests/Info.plist";
				LD_RUNPATH_SEARCH_PATHS = "$(inherited) @executable_path/Frameworks @loader_path/Frameworks";
				PRODUCT_BUNDLE_IDENTIFIER = "bdxh.sxf.--ChartTests";
				PRODUCT_NAME = "$(TARGET_NAME)";
				TEST_HOST = "$(BUILT_PRODUCTS_DIR)/图表Chart.app/图表Chart";
			};
			name = Release;
		};
		E4B210451EBC7D76001DE2A0 /* Debug */ = {
			isa = XCBuildConfiguration;
			buildSettings = {
				DEVELOPMENT_TEAM = X76LH572J4;
				INFOPLIST_FILE = "图表ChartUITests/Info.plist";
				LD_RUNPATH_SEARCH_PATHS = "$(inherited) @executable_path/Frameworks @loader_path/Frameworks";
				PRODUCT_BUNDLE_IDENTIFIER = "bdxh.sxf.--ChartUITests";
				PRODUCT_NAME = "$(TARGET_NAME)";
				TEST_TARGET_NAME = "图表Chart";
			};
			name = Debug;
		};
		E4B210461EBC7D76001DE2A0 /* Release */ = {
			isa = XCBuildConfiguration;
			buildSettings = {
				DEVELOPMENT_TEAM = X76LH572J4;
				INFOPLIST_FILE = "图表ChartUITests/Info.plist";
				LD_RUNPATH_SEARCH_PATHS = "$(inherited) @executable_path/Frameworks @loader_path/Frameworks";
				PRODUCT_BUNDLE_IDENTIFIER = "bdxh.sxf.--ChartUITests";
				PRODUCT_NAME = "$(TARGET_NAME)";
				TEST_TARGET_NAME = "图表Chart";
			};
			name = Release;
		};
/* End XCBuildConfiguration section */

/* Begin XCConfigurationList section */
		E4B2100C1EBC7D71001DE2A0 /* Build configuration list for PBXProject "图表Chart" */ = {
			isa = XCConfigurationList;
			buildConfigurations = (
				E4B2103C1EBC7D76001DE2A0 /* Debug */,
				E4B2103D1EBC7D76001DE2A0 /* Release */,
			);
			defaultConfigurationIsVisible = 0;
			defaultConfigurationName = Release;
		};
		E4B2103E1EBC7D76001DE2A0 /* Build configuration list for PBXNativeTarget "图表Chart" */ = {
			isa = XCConfigurationList;
			buildConfigurations = (
				E4B2103F1EBC7D76001DE2A0 /* Debug */,
				E4B210401EBC7D76001DE2A0 /* Release */,
			);
			defaultConfigurationIsVisible = 0;
			defaultConfigurationName = Release;
		};
		E4B210411EBC7D76001DE2A0 /* Build configuration list for PBXNativeTarget "图表ChartTests" */ = {
			isa = XCConfigurationList;
			buildConfigurations = (
				E4B210421EBC7D76001DE2A0 /* Debug */,
				E4B210431EBC7D76001DE2A0 /* Release */,
			);
			defaultConfigurationIsVisible = 0;
			defaultConfigurationName = Release;
		};
		E4B210441EBC7D76001DE2A0 /* Build configuration list for PBXNativeTarget "图表ChartUITests" */ = {
			isa = XCConfigurationList;
			buildConfigurations = (
				E4B210451EBC7D76001DE2A0 /* Debug */,
				E4B210461EBC7D76001DE2A0 /* Release */,
			);
			defaultConfigurationIsVisible = 0;
			defaultConfigurationName = Release;
		};
/* End XCConfigurationList section */
	};
	rootObject = E4B210091EBC7D71001DE2A0 /* Project object */;
}
